
Microsoft Visual Studio Solution File, Format Version 12.00
# Visual Studio Version 17
VisualStudioVersion = 17.3.32929.385
MinimumVisualStudioVersion = 10.0.40219.1
Project("{9A19103F-16F7-4668-BE54-9A1E7A4F7556}") = "MonteNegRo", "MonteNegRo\MonteNegRo.csproj", "{532410DD-367C-4641-93C3-165EA2E7217F}"
EndProject
Project("{2150E333-8FDC-42A3-9474-1A3956D46DE8}") = "Solution Items", "Solution Items", "{03D5E1CB-36E4-4440-99D2-179EA6AF436A}"
	ProjectSection(SolutionItems) = preProject
		.editorconfig = .editorconfig
	EndProjectSection
EndProject
Project("{FAE04EC0-301F-11D3-BF4B-00C04F79EFBC}") = "AuthorizationApi", "AuthorizationApi\AuthorizationApi.csproj", "{BB4C31A3-E86F-4EFE-86D2-C00F974C53DE}"
EndProject
Global
	GlobalSection(SolutionConfigurationPlatforms) = preSolution
		Debug|Any CPU = Debug|Any CPU
		Release|Any CPU = Release|Any CPU
	EndGlobalSection
	GlobalSection(ProjectConfigurationPlatforms) = postSolution
		{532410DD-367C-4641-93C3-165EA2E7217F}.Debug|Any CPU.ActiveCfg = Debug|Any CPU
		{532410DD-367C-4641-93C3-165EA2E7217F}.Debug|Any CPU.Build.0 = Debug|Any CPU
		{532410DD-367C-4641-93C3-165EA2E7217F}.Release|Any CPU.ActiveCfg = Release|Any CPU
		{532410DD-367C-4641-93C3-165EA2E7217F}.Release|Any CPU.Build.0 = Release|Any CPU
		{BB4C31A3-E86F-4EFE-86D2-C00F974C53DE}.Debug|Any CPU.ActiveCfg = Debug|Any CPU
		{BB4C31A3-E86F-4EFE-86D2-C00F974C53DE}.Debug|Any CPU.Build.0 = Debug|Any CPU
		{BB4C31A3-E86F-4EFE-86D2-C00F974C53DE}.Release|Any CPU.ActiveCfg = Release|Any CPU
		{BB4C31A3-E86F-4EFE-86D2-C00F974C53DE}.Release|Any CPU.Build.0 = Release|Any CPU
	EndGlobalSection
	GlobalSection(SolutionProperties) = preSolution
		HideSolutionNode = FALSE
	EndGlobalSection
	GlobalSection(ExtensibilityGlobals) = postSolution
		SolutionGuid = {2A594120-5EED-46B8-BB18-BF548E080733}
	EndGlobalSection
EndGlobal
